// !$*UTF8*$!
{
	archiveVersion = 1;
	classes = {
	};
	objectVersion = 46;
	objects = {

/* Begin PBXBuildFile section */
		1B97525B1C61D79B0099764B /* AppDelegate.swift in Sources */ = {isa = PBXBuildFile; fileRef = 1B97525A1C61D79B0099764B /* AppDelegate.swift */; };
		1B97525D1C61D79B0099764B /* ViewController.swift in Sources */ = {isa = PBXBuildFile; fileRef = 1B97525C1C61D79B0099764B /* ViewController.swift */; };
		1B9752601C61D79B0099764B /* Main.storyboard in Resources */ = {isa = PBXBuildFile; fileRef = 1B97525E1C61D79B0099764B /* Main.storyboard */; };
		1B9752621C61D79B0099764B /* Assets.xcassets in Resources */ = {isa = PBXBuildFile; fileRef = 1B9752611C61D79B0099764B /* Assets.xcassets */; };
		1B9752651C61D79B0099764B /* LaunchScreen.storyboard in Resources */ = {isa = PBXBuildFile; fileRef = 1B9752631C61D79B0099764B /* LaunchScreen.storyboard */; };
		1B9752701C61D79B0099764B /* sampleSegueTests.swift in Sources */ = {isa = PBXBuildFile; fileRef = 1B97526F1C61D79B0099764B /* sampleSegueTests.swift */; };
		1B97527B1C61D79B0099764B /* sampleSegueUITests.swift in Sources */ = {isa = PBXBuildFile; fileRef = 1B97527A1C61D79B0099764B /* sampleSegueUITests.swift */; };
		1B9752891C61D95C0099764B /* secondViewController.swift in Sources */ = {isa = PBXBuildFile; fileRef = 1B9752881C61D95C0099764B /* secondViewController.swift */; };
/* End PBXBuildFile section */

/* Begin PBXContainerItemProxy section */
		1B97526C1C61D79B0099764B /* PBXContainerItemProxy */ = {
			isa = PBXContainerItemProxy;
			containerPortal = 1B97524F1C61D79B0099764B /* Project object */;
			proxyType = 1;
			remoteGlobalIDString = 1B9752561C61D79B0099764B;
			remoteInfo = sampleSegue;
		};
		1B9752771C61D79B0099764B /* PBXContainerItemProxy */ = {
			isa = PBXContainerItemProxy;
			containerPortal = 1B97524F1C61D79B0099764B /* Project object */;
			proxyType = 1;
			remoteGlobalIDString = 1B9752561C61D79B0099764B;
			remoteInfo = sampleSegue;
		};
/* End PBXContainerItemProxy section */

/* Begin PBXFileReference section */
		1B9752571C61D79B0099764B /* sampleSegue.app */ = {isa = PBXFileReference; explicitFileType = wrapper.application; includeInIndex = 0; path = sampleSegue.app; sourceTree = BUILT_PRODUCTS_DIR; };
		1B97525A1C61D79B0099764B /* AppDelegate.swift */ = {isa = PBXFileReference; lastKnownFileType = sourcecode.swift; path = AppDelegate.swift; sourceTree = "<group>"; };
		1B97525C1C61D79B0099764B /* ViewController.swift */ = {isa = PBXFileReference; lastKnownFileType = sourcecode.swift; path = ViewController.swift; sourceTree = "<group>"; };
		1B97525F1C61D79B0099764B /* Base */ = {isa = PBXFileReference; lastKnownFileType = file.storyboard; name = Base; path = Base.lproj/Main.storyboard; sourceTree = "<group>"; };
		1B9752611C61D79B0099764B /* Assets.xcassets */ = {isa = PBXFileReference; lastKnownFileType = folder.assetcatalog; path = Assets.xcassets; sourceTree = "<group>"; };
		1B9752641C61D79B0099764B /* Base */ = {isa = PBXFileReference; lastKnownFileType = file.storyboard; name = Base; path = Base.lproj/LaunchScreen.storyboard; sourceTree = "<group>"; };
		1B9752661C61D79B0099764B /* Info.plist */ = {isa = PBXFileReference; lastKnownFileType = text.plist.xml; path = Info.plist; sourceTree = "<group>"; };
		1B97526B1C61D79B0099764B /* sampleSegueTests.xctest */ = {isa = PBXFileReference; explicitFileType = wrapper.cfbundle; includeInIndex = 0; path = sampleSegueTests.xctest; sourceTree = BUILT_PRODUCTS_DIR; };
		1B97526F1C61D79B0099764B /* sampleSegueTests.swift */ = {isa = PBXFileReference; lastKnownFileType = sourcecode.swift; path = sampleSegueTests.swift; sourceTree = "<group>"; };
		1B9752711C61D79B0099764B /* Info.plist */ = {isa = PBXFileReference; lastKnownFileType = text.plist.xml; path = Info.plist; sourceTree = "<group>"; };
		1B9752761C61D79B0099764B /* sampleSegueUITests.xctest */ = {isa = PBXFileReference; explicitFileType = wrapper.cfbundle; includeInIndex = 0; path = sampleSegueUITests.xctest; sourceTree = BUILT_PRODUCTS_DIR; };
		1B97527A1C61D79B0099764B /* sampleSegueUITests.swift */ = {isa = PBXFileReference; lastKnownFileType = sourcecode.swift; path = sampleSegueUITests.swift; sourceTree = "<group>"; };
		1B97527C1C61D79B0099764B /* Info.plist */ = {isa = PBXFileReference; lastKnownFileType = text.plist.xml; path = Info.plist; sourceTree = "<group>"; };
		1B9752881C61D95C0099764B /* secondViewController.swift */ = {isa = PBXFileReference; fileEncoding = 4; lastKnownFileType = sourcecode.swift; path = secondViewController.swift; sourceTree = "<group>"; };
/* End PBXFileReference section */

/* Begin PBXFrameworksBuildPhase section */
		1B9752541C61D79B0099764B /* Frameworks */ = {
			isa = PBXFrameworksBuildPhase;
			buildActionMask = 2147483647;
			files = (
			);
			runOnlyForDeploymentPostprocessing = 0;
		};
		1B9752681C61D79B0099764B /* Frameworks */ = {
			isa = PBXFrameworksBuildPhase;
			buildActionMask = 2147483647;
			files = (
			);
			runOnlyForDeploymentPostprocessing = 0;
		};
		1B9752731C61D79B0099764B /* Frameworks */ = {
			isa = PBXFrameworksBuildPhase;
			buildActionMask = 2147483647;
			files = (
			);
			runOnlyForDeploymentPostprocessing = 0;
		};
/* End PBXFrameworksBuildPhase section */

/* Begin PBXGroup section */
		1B97524E1C61D79B0099764B = {
			isa = PBXGroup;
			children = (
				1B9752591C61D79B0099764B /* sampleSegue */,
				1B97526E1C61D79B0099764B /* sampleSegueTests */,
				1B9752791C61D79B0099764B /* sampleSegueUITests */,
				1B9752581C61D79B0099764B /* Products */,
			);
			sourceTree = "<group>";
		};
		1B9752581C61D79B0099764B /* Products */ = {
			isa = PBXGroup;
			children = (
				1B9752571C61D79B0099764B /* sampleSegue.app */,
				1B97526B1C61D79B0099764B /* sampleSegueTests.xctest */,
				1B9752761C61D79B0099764B /* sampleSegueUITests.xctest */,
			);
			name = Products;
			sourceTree = "<group>";
		};
		1B9752591C61D79B0099764B /* sampleSegue */ = {
			isa = PBXGroup;
			children = (
				1B97525A1C61D79B0099764B /* AppDelegate.swift */,
				1B97525C1C61D79B0099764B /* ViewController.swift */,
				1B9752881C61D95C0099764B /* secondViewController.swift */,
				1B97525E1C61D79B0099764B /* Main.storyboard */,
				1B9752611C61D79B0099764B /* Assets.xcassets */,
				1B9752631C61D79B0099764B /* LaunchScreen.storyboard */,
				1B9752661C61D79B0099764B /* Info.plist */,
			);
			path = sampleSegue;
			sourceTree = "<group>";
		};
		1B97526E1C61D79B0099764B /* sampleSegueTests */ = {
			isa = PBXGroup;
			children = (
				1B97526F1C61D79B0099764B /* sampleSegueTests.swift */,
				1B9752711C61D79B0099764B /* Info.plist */,
			);
			path = sampleSegueTests;
			sourceTree = "<group>";
		};
		1B9752791C61D79B0099764B /* sampleSegueUITests */ = {
			isa = PBXGroup;
			children = (
				1B97527A1C61D79B0099764B /* sampleSegueUITests.swift */,
				1B97527C1C61D79B0099764B /* Info.plist */,
			);
			path = sampleSegueUITests;
			sourceTree = "<group>";
		};
/* End PBXGroup section */

/* Begin PBXNativeTarget section */
		1B9752561C61D79B0099764B /* sampleSegue */ = {
			isa = PBXNativeTarget;
			buildConfigurationList = 1B97527F1C61D79B0099764B /* Build configuration list for PBXNativeTarget "sampleSegue" */;
			buildPhases = (
				1B9752531C61D79B0099764B /* Sources */,
				1B9752541C61D79B0099764B /* Frameworks */,
				1B9752551C61D79B0099764B /* Resources */,
			);
			buildRules = (
			);
			dependencies = (
			);
			name = sampleSegue;
			productName = sampleSegue;
			productReference = 1B9752571C61D79B0099764B /* sampleSegue.app */;
			productType = "com.apple.product-type.application";
		};
		1B97526A1C61D79B0099764B /* sampleSegueTests */ = {
			isa = PBXNativeTarget;
			buildConfigurationList = 1B9752821C61D79B0099764B /* Build configuration list for PBXNativeTarget "sampleSegueTests" */;
			buildPhases = (
				1B9752671C61D79B0099764B /* Sources */,
				1B9752681C61D79B0099764B /* Frameworks */,
				1B9752691C61D79B0099764B /* Resources */,
			);
			buildRules = (
			);
			dependencies = (
				1B97526D1C61D79B0099764B /* PBXTargetDependency */,
			);
			name = sampleSegueTests;
			productName = sampleSegueTests;
			productReference = 1B97526B1C61D79B0099764B /* sampleSegueTests.xctest */;
			productType = "com.apple.product-type.bundle.unit-test";
		};
		1B9752751C61D79B0099764B /* sampleSegueUITests */ = {
			isa = PBXNativeTarget;
			buildConfigurationList = 1B9752851C61D79B0099764B /* Build configuration list for PBXNativeTarget "sampleSegueUITests" */;
			buildPhases = (
				1B9752721C61D79B0099764B /* Sources */,
				1B9752731C61D79B0099764B /* Frameworks */,
				1B9752741C61D79B0099764B /* Resources */,
			);
			buildRules = (
			);
			dependencies = (
				1B9752781C61D79B0099764B /* PBXTargetDependency */,
			);
			name = sampleSegueUITests;
			productName = sampleSegueUITests;
			productReference = 1B9752761C61D79B0099764B /* sampleSegueUITests.xctest */;
			productType = "com.apple.product-type.bundle.ui-testing";
		};
/* End PBXNativeTarget section */

/* Begin PBXProject section */
		1B97524F1C61D79B0099764B /* Project object */ = {
			isa = PBXProject;
			attributes = {
				LastSwiftUpdateCheck = 0720;
				LastUpgradeCheck = 0720;
				ORGANIZATIONNAME = "Eriko Ichinohe";
				TargetAttributes = {
					1B9752561C61D79B0099764B = {
						CreatedOnToolsVersion = 7.2;
						LastSwiftMigration = 0800;
					};
					1B97526A1C61D79B0099764B = {
						CreatedOnToolsVersion = 7.2;
						LastSwiftMigration = 0800;
						TestTargetID = 1B9752561C61D79B0099764B;
					};
					1B9752751C61D79B0099764B = {
						CreatedOnToolsVersion = 7.2;
						LastSwiftMigration = 0800;
						TestTargetID = 1B9752561C61D79B0099764B;
					};
				};
			};
			buildConfigurationList = 1B9752521C61D79B0099764B /* Build configuration list for PBXProject "sampleSegue" */;
			compatibilityVersion = "Xcode 3.2";
			developmentRegion = English;
			hasScannedForEncodings = 0;
			knownRegions = (
				en,
				Base,
			);
			mainGroup = 1B97524E1C61D79B0099764B;
			productRefGroup = 1B9752581C61D79B0099764B /* Products */;
			projectDirPath = "";
			projectRoot = "";
			targets = (
				1B9752561C61D79B0099764B /* sampleSegue */,
				1B97526A1C61D79B0099764B /* sampleSegueTests */,
				1B9752751C61D79B0099764B /* sampleSegueUITests */,
			);
		};
/* End PBXProject section */

/* Begin PBXResourcesBuildPhase section */
		1B9752551C61D79B0099764B /* Resources */ = {
			isa = PBXResourcesBuildPhase;
			buildActionMask = 2147483647;
			files = (
				1B9752651C61D79B0099764B /* LaunchScreen.storyboard in Resources */,
				1B9752621C61D79B0099764B /* Assets.xcassets in Resources */,
				1B9752601C61D79B0099764B /* Main.storyboard in Resources */,
			);
			runOnlyForDeploymentPostprocessing = 0;
		};
		1B9752691C61D79B0099764B /* Resources */ = {
			isa = PBXResourcesBuildPhase;
			buildActionMask = 2147483647;
			files = (
			);
			runOnlyForDeploymentPostprocessing = 0;
		};
		1B9752741C61D79B0099764B /* Resources */ = {
			isa = PBXResourcesBuildPhase;
			buildActionMask = 2147483647;
			files = (
			);
			runOnlyForDeploymentPostprocessing = 0;
		};
/* End PBXResourcesBuildPhase section */

/* Begin PBXSourcesBuildPhase section */
		1B9752531C61D79B0099764B /* Sources */ = {
			isa = PBXSourcesBuildPhase;
			buildActionMask = 2147483647;
			files = (
				1B97525D1C61D79B0099764B /* ViewController.swift in Sources */,
				1B9752891C61D95C0099764B /* secondViewController.swift in Sources */,
				1B97525B1C61D79B0099764B /* AppDelegate.swift in Sources */,
			);
			runOnlyForDeploymentPostprocessing = 0;
		};
		1B9752671C61D79B0099764B /* Sources */ = {
			isa = PBXSourcesBuildPhase;
			buildActionMask = 2147483647;
			files = (
				1B9752701C61D79B0099764B /* sampleSegueTests.swift in Sources */,
			);
			runOnlyForDeploymentPostprocessing = 0;
		};
		1B9752721C61D79B0099764B /* Sources */ = {
			isa = PBXSourcesBuildPhase;
			buildActionMask = 2147483647;
			files = (
				1B97527B1C61D79B0099764B /* sampleSegueUITests.swift in Sources */,
			);
			runOnlyForDeploymentPostprocessing = 0;
		};
/* End PBXSourcesBuildPhase section */

/* Begin PBXTargetDependency section */
		1B97526D1C61D79B0099764B /* PBXTargetDependency */ = {
			isa = PBXTargetDependency;
			target = 1B9752561C61D79B0099764B /* sampleSegue */;
			targetProxy = 1B97526C1C61D79B0099764B /* PBXContainerItemProxy */;
		};
		1B9752781C61D79B0099764B /* PBXTargetDependency */ = {
			isa = PBXTargetDependency;
			target = 1B9752561C61D79B0099764B /* sampleSegue */;
			targetProxy = 1B9752771C61D79B0099764B /* PBXContainerItemProxy */;
		};
/* End PBXTargetDependency section */

/* Begin PBXVariantGroup section */
		1B97525E1C61D79B0099764B /* Main.storyboard */ = {
			isa = PBXVariantGroup;
			children = (
				1B97525F1C61D79B0099764B /* Base */,
			);
			name = Main.storyboard;
			sourceTree = "<group>";
		};
		1B9752631C61D79B0099764B /* LaunchScreen.storyboard */ = {
			isa = PBXVariantGroup;
			children = (
				1B9752641C61D79B0099764B /* Base */,
			);
			name = LaunchScreen.storyboard;
			sourceTree = "<group>";
		};
/* End PBXVariantGroup section */

/* Begin XCBuildConfiguration section */
		1B97527D1C61D79B0099764B /* Debug */ = {
			isa = XCBuildConfiguration;
			buildSettings = {
				ALWAYS_SEARCH_USER_PATHS = NO;
				CLANG_CXX_LANGUAGE_STANDARD = "gnu++0x";
				CLANG_CXX_LIBRARY = "libc++";
				CLANG_ENABLE_MODULES = YES;
				CLANG_ENABLE_OBJC_ARC = YES;
				CLANG_WARN_BOOL_CONVERSION = YES;
				CLANG_WARN_CONSTANT_CONVERSION = YES;
				CLANG_WARN_DIRECT_OBJC_ISA_USAGE = YES_ERROR;
				CLANG_WARN_EMPTY_BODY = YES;
				CLANG_WARN_ENUM_CONVERSION = YES;
				CLANG_WARN_INT_CONVERSION = YES;
				CLANG_WARN_OBJC_ROOT_CLASS = YES_ERROR;
				CLANG_WARN_UNREACHABLE_CODE = YES;
				CLANG_WARN__DUPLICATE_METHOD_MATCH = YES;
				"CODE_SIGN_IDENTITY[sdk=iphoneos*]" = "iPhone Developer";
				COPY_PHASE_STRIP = NO;
				DEBUG_INFORMATION_FORMAT = dwarf;
				ENABLE_STRICT_OBJC_MSGSEND = YES;
				ENABLE_TESTABILITY = YES;
				GCC_C_LANGUAGE_STANDARD = gnu99;
				GCC_DYNAMIC_NO_PIC = NO;
				GCC_NO_COMMON_BLOCKS = YES;
				GCC_OPTIMIZATION_LEVEL = 0;
				GCC_PREPROCESSOR_DEFINITIONS = (
					"DEBUG=1",
					"$(inherited)",
				);
				GCC_WARN_64_TO_32_BIT_CONVERSION = YES;
				GCC_WARN_ABOUT_RETURN_TYPE = YES_ERROR;
				GCC_WARN_UNDECLARED_SELECTOR = YES;
				GCC_WARN_UNINITIALIZED_AUTOS = YES_AGGRESSIVE;
				GCC_WARN_UNUSED_FUNCTION = YES;
				GCC_WARN_UNUSED_VARIABLE = YES;
				IPHONEOS_DEPLOYMENT_TARGET = 9.2;
				MTL_ENABLE_DEBUG_INFO = YES;
				ONLY_ACTIVE_ARCH = YES;
				SDKROOT = iphoneos;
				SWIFT_OPTIMIZATION_LEVEL = "-Onone";
			};
			name = Debug;
		};
		1B97527E1C61D79B0099764B /* Release */ = {
			isa = XCBuildConfiguration;
			buildSettings = {
				ALWAYS_SEARCH_USER_PATHS = NO;
				CLANG_CXX_LANGUAGE_STANDARD = "gnu++0x";
				CLANG_CXX_LIBRARY = "libc++";
				CLANG_ENABLE_MODULES = YES;
				CLANG_ENABLE_OBJC_ARC = YES;
				CLANG_WARN_BOOL_CONVERSION = YES;
				CLANG_WARN_CONSTANT_CONVERSION = YES;
				CLANG_WARN_DIRECT_OBJC_ISA_USAGE = YES_ERROR;
				CLANG_WARN_EMPTY_BODY = YES;
				CLANG_WARN_ENUM_CONVERSION = YES;
				CLANG_WARN_INT_CONVERSION = YES;
				CLANG_WARN_OBJC_ROOT_CLASS = YES_ERROR;
				CLANG_WARN_UNREACHABLE_CODE = YES;
				CLANG_WARN__DUPLICATE_METHOD_MATCH = YES;
				"CODE_SIGN_IDENTITY[sdk=iphoneos*]" = "iPhone Developer";
				COPY_PHASE_STRIP = NO;
				DEBUG_INFORMATION_FORMAT = "dwarf-with-dsym";
				ENABLE_NS_ASSERTIONS = NO;
				ENABLE_STRICT_OBJC_MSGSEND = YES;
				GCC_C_LANGUAGE_STANDARD = gnu99;
				GCC_NO_COMMON_BLOCKS = YES;
				GCC_WARN_64_TO_32_BIT_CONVERSION = YES;
				GCC_WARN_ABOUT_RETURN_TYPE = YES_ERROR;
				GCC_WARN_UNDECLARED_SELECTOR = YES;
				GCC_WARN_UNINITIALIZED_AUTOS = YES_AGGRESSIVE;
				GCC_WARN_UNUSED_FUNCTION = YES;
				GCC_WARN_UNUSED_VARIABLE = YES;
				IPHONEOS_DEPLOYMENT_TARGET = 9.2;
				MTL_ENABLE_DEBUG_INFO = NO;
				SDKROOT = iphoneos;
				VALIDATE_PRODUCT = YES;
			};
			name = Release;
		};
		1B9752801C61D79B0099764B /* Debug */ = {
			isa = XCBuildConfiguration;
			buildSettings = {
				ASSETCATALOG_COMPILER_APPICON_NAME = AppIcon;
				INFOPLIST_FILE = sampleSegue/Info.plist;
				LD_RUNPATH_SEARCH_PATHS = "$(inherited) @executable_path/Frameworks";
				PRODUCT_BUNDLE_IDENTIFIER = com.erikoichinohe.sampleSegue;
				PRODUCT_NAME = "$(TARGET_NAME)";
				SWIFT_VERSION = 3.0;
			};
			name = Debug;
		};
		1B9752811C61D79B0099764B /* Release */ = {
			isa = XCBuildConfiguration;
			buildSettings = {
				ASSETCATALOG_COMPILER_APPICON_NAME = AppIcon;
				INFOPLIST_FILE = sampleSegue/Info.plist;
				LD_RUNPATH_SEARCH_PATHS = "$(inherited) @executable_path/Frameworks";
				PRODUCT_BUNDLE_IDENTIFIER = com.erikoichinohe.sampleSegue;
				PRODUCT_NAME = "$(TARGET_NAME)";
				SWIFT_VERSION = 3.0;
			};
			name = Release;
		};
		1B9752831C61D79B0099764B /* Debug */ = {
			isa = XCBuildConfiguration;
			buildSettings = {
				BUNDLE_LOADER = "$(TEST_HOST)";
				INFOPLIST_FILE = sampleSegueTests/Info.plist;
				LD_RUNPATH_SEARCH_PATHS = "$(inherited) @executable_path/Frameworks @loader_path/Frameworks";
				PRODUCT_BUNDLE_IDENTIFIER = com.erikoichinohe.sampleSegueTests;
				PRODUCT_NAME = "$(TARGET_NAME)";
				SWIFT_VERSION = 3.0;
				TEST_HOST = "$(BUILT_PRODUCTS_DIR)/sampleSegue.app/sampleSegue";
			};
			name = Debug;
		};
		1B9752841C61D79B0099764B /* Release */ = {
			isa = XCBuildConfiguration;
			buildSettings = {
				BUNDLE_LOADER = "$(TEST_HOST)";
				INFOPLIST_FILE = sampleSegueTests/Info.plist;
				LD_RUNPATH_SEARCH_PATHS = "$(inherited) @executable_path/Frameworks @loader_path/Frameworks";
				PRODUCT_BUNDLE_IDENTIFIER = com.erikoichinohe.sampleSegueTests;
				PRODUCT_NAME = "$(TARGET_NAME)";
				SWIFT_VERSION = 3.0;
				TEST_HOST = "$(BUILT_PRODUCTS_DIR)/sampleSegue.app/sampleSegue";
			};
			name = Release;
		};
		1B9752861C61D79B0099764B /* Debug */ = {
			isa = XCBuildConfiguration;
			buildSettings = {
				INFOPLIST_FILE = sampleSegueUITests/Info.plist;
				LD_RUNPATH_SEARCH_PATHS = "$(inherited) @executable_path/Frameworks @loader_path/Frameworks";
				PRODUCT_BUNDLE_IDENTIFIER = com.erikoichinohe.sampleSegueUITests;
				PRODUCT_NAME = "$(TARGET_NAME)";
				SWIFT_VERSION = 3.0;
				TEST_TARGET_NAME = sampleSegue;
				USES_XCTRUNNER = YES;
			};
			name = Debug;
		};
		1B9752871C61D79B0099764B /* Release */ = {
			isa = XCBuildConfiguration;
			buildSettings = {
				INFOPLIST_FILE = sampleSegueUITests/Info.plist;
				LD_RUNPATH_SEARCH_PATHS = "$(inherited) @executable_path/Frameworks @loader_path/Frameworks";
				PRODUCT_BUNDLE_IDENTIFIER = com.erikoichinohe.sampleSegueUITests;
				PRODUCT_NAME = "$(TARGET_NAME)";
				SWIFT_VERSION = 3.0;
				TEST_TARGET_NAME = sampleSegue;
				USES_XCTRUNNER = YES;
			};
			name = Release;
		};
/* End XCBuildConfiguration section */

/* Begin XCConfigurationList section */
		1B9752521C61D79B0099764B /* Build configuration list for PBXProject "sampleSegue" */ = {
			isa = XCConfigurationList;
			buildConfigurations = (
				1B97527D1C61D79B0099764B /* Debug */,
				1B97527E1C61D79B0099764B /* Release */,
			);
			defaultConfigurationIsVisible = 0;
			defaultConfigurationName = Release;
		};
		1B97527F1C61D79B0099764B /* Build configuration list for PBXNativeTarget "sampleSegue" */ = {
			isa = XCConfigurationList;
			buildConfigurations = (
				1B9752801C61D79B0099764B /* Debug */,
				1B9752811C61D79B0099764B /* Release */,
			);
			defaultConfigurationIsVisible = 0;
			defaultConfigurationName = Release;
		};
		1B9752821C61D79B0099764B /* Build configuration list for PBXNativeTarget "sampleSegueTests" */ = {
			isa = XCConfigurationList;
			buildConfigurations = (
				1B9752831C61D79B0099764B /* Debug */,
				1B9752841C61D79B0099764B /* Release */,
			);
			defaultConfigurationIsVisible = 0;
			defaultConfigurationName = Release;
		};
		1B9752851C61D79B0099764B /* Build configuration list for PBXNativeTarget "sampleSegueUITests" */ = {
			isa = XCConfigurationList;
			buildConfigurations = (
				1B9752861C61D79B0099764B /* Debug */,
				1B9752871C61D79B0099764B /* Release */,
			);
			defaultConfigurationIsVisible = 0;
			defaultConfigurationName = Release;
		};
/* End XCConfigurationList section */
	};
	rootObject = 1B97524F1C61D79B0099764B /* Project object */;
}
